
Microsoft Visual Studio Solution File, Format Version 12.00
# Visual Studio Version 17
VisualStudioVersion = 17.0.31903.59
MinimumVisualStudioVersion = 10.0.40219.1
Project("{2150E333-8FDC-42A3-9474-1A3956D46DE8}") = "src", "src", "{827E0CD3-B72D-47B6-A68D-7590B98EB39B}"
EndProject
Project("{2150E333-8FDC-42A3-9474-1A3956D46DE8}") = "Chapter01", "Chapter01", "{82312B76-5911-6B12-A755-EA9052EB6CEF}"
EndProject
Project("{FAE04EC0-301F-11D3-BF4B-00C04F79EFBC}") = "BinarySearch", "src\Chapter01\BinarySearch\BinarySearch.csproj", "{48E685A9-EE15-4D39-9108-6BD8A76906D9}"
EndProject
Project("{2150E333-8FDC-42A3-9474-1A3956D46DE8}") = "tests", "tests", "{0AB3BF05-4346-4AA6-1389-037BE0695223}"
EndProject
Project("{2150E333-8FDC-42A3-9474-1A3956D46DE8}") = "Chapter01", "Chapter01", "{16C242F6-F286-767B-FD83-77682C16381B}"
EndProject
Project("{FAE04EC0-301F-11D3-BF4B-00C04F79EFBC}") = "BinarySearchTests", "tests\Chapter01\BinarySearchTests\BinarySearchTests.csproj", "{954F771C-F91C-43C0-ACAE-F92527EDA3B0}"
EndProject
Project("{2150E333-8FDC-42A3-9474-1A3956D46DE8}") = "Chapter02", "Chapter02", "{98BC7B61-C4EC-2BA6-FF7D-516D088C8E99}"
EndProject
Project("{FAE04EC0-301F-11D3-BF4B-00C04F79EFBC}") = "SelectionSort", "src\Chapter02\SelectionSort\SelectionSort.csproj", "{888D9A4A-2F90-4D95-A229-71149C8467F2}"
EndProject
Project("{2150E333-8FDC-42A3-9474-1A3956D46DE8}") = "Chapter02", "Chapter02", "{2E6DF340-64A7-569E-8E14-430435C9C6EA}"
EndProject
Project("{FAE04EC0-301F-11D3-BF4B-00C04F79EFBC}") = "SelectionSortTests", "tests\Chapter02\SelectionSortTests\SelectionSortTests.csproj", "{ED4A5D68-A1DA-463B-9D32-FD1DA93A94AD}"
EndProject
Project("{2150E333-8FDC-42A3-9474-1A3956D46DE8}") = "Chapter03", "Chapter03", "{A7C7E5C6-C794-9867-FE20-EA8E78DD7EC0}"
EndProject
Project("{2150E333-8FDC-42A3-9474-1A3956D46DE8}") = "Recursion", "Recursion", "{2240EAA1-5876-4D4A-0D99-C7FC537F523D}"
EndProject
Project("{FAE04EC0-301F-11D3-BF4B-00C04F79EFBC}") = "Factorial", "src\Chapter03\Recursion\Factorial\Factorial.csproj", "{98D76FF8-76D5-4F79-AFFB-CE689D06D86C}"
EndProject
Project("{2150E333-8FDC-42A3-9474-1A3956D46DE8}") = "Chapter03", "Chapter03", "{E55714A5-EF0C-54BE-F124-73289F00B311}"
EndProject
Project("{2150E333-8FDC-42A3-9474-1A3956D46DE8}") = "Recursion", "Recursion", "{101141E5-B3D6-8A4D-33F9-C3CB805C88BC}"
EndProject
Project("{FAE04EC0-301F-11D3-BF4B-00C04F79EFBC}") = "FactorialTests", "tests\Chapter03\Recursion\FactorialTests\FactorialTests.csproj", "{37852BAC-1899-47DC-9E19-0FEC2F949134}"
EndProject
Project("{2150E333-8FDC-42A3-9474-1A3956D46DE8}") = "Chapter04", "Chapter04", "{52D4F324-E23F-56FD-3E34-4C09664D87EC}"
EndProject
Project("{2150E333-8FDC-42A3-9474-1A3956D46DE8}") = "DivideAndConquer", "DivideAndConquer", "{44E5703B-C3C9-11BB-7337-83F1E6C7D29C}"
EndProject
Project("{FAE04EC0-301F-11D3-BF4B-00C04F79EFBC}") = "LoopSum", "src\Chapter04\DivideAndConquer\LoopSum\LoopSum.csproj", "{B83CEF08-4C21-4EE4-BD09-E37FF2266B73}"
EndProject
Project("{2150E333-8FDC-42A3-9474-1A3956D46DE8}") = "Chapter04", "Chapter04", "{5930251E-0A5A-BED9-B6DC-EBDAACC54FF4}"
EndProject
Project("{2150E333-8FDC-42A3-9474-1A3956D46DE8}") = "DivideAndConquer", "DivideAndConquer", "{AEA3EB17-C110-3B0C-2E77-9EE07BB86834}"
EndProject
Project("{FAE04EC0-301F-11D3-BF4B-00C04F79EFBC}") = "LoopSumTests", "tests\Chapter04\DivideAndConquer\LoopSumTests\LoopSumTests.csproj", "{0D54107D-8981-4D73-A120-5567246ECF9F}"
EndProject
Project("{FAE04EC0-301F-11D3-BF4B-00C04F79EFBC}") = "RecursiveSumTests", "tests\Chapter04\DivideAndConquer\RecursiveSumTests\RecursiveSumTests.csproj", "{D7ED8DC0-CFA0-491D-93EE-24999245CA25}"
EndProject
Global
	GlobalSection(SolutionConfigurationPlatforms) = preSolution
		Debug|Any CPU = Debug|Any CPU
		Debug|x64 = Debug|x64
		Debug|x86 = Debug|x86
		Release|Any CPU = Release|Any CPU
		Release|x64 = Release|x64
		Release|x86 = Release|x86
	EndGlobalSection
	GlobalSection(ProjectConfigurationPlatforms) = postSolution
		{48E685A9-EE15-4D39-9108-6BD8A76906D9}.Debug|Any CPU.ActiveCfg = Debug|Any CPU
		{48E685A9-EE15-4D39-9108-6BD8A76906D9}.Debug|Any CPU.Build.0 = Debug|Any CPU
		{48E685A9-EE15-4D39-9108-6BD8A76906D9}.Debug|x64.ActiveCfg = Debug|Any CPU
		{48E685A9-EE15-4D39-9108-6BD8A76906D9}.Debug|x64.Build.0 = Debug|Any CPU
		{48E685A9-EE15-4D39-9108-6BD8A76906D9}.Debug|x86.ActiveCfg = Debug|Any CPU
		{48E685A9-EE15-4D39-9108-6BD8A76906D9}.Debug|x86.Build.0 = Debug|Any CPU
		{48E685A9-EE15-4D39-9108-6BD8A76906D9}.Release|Any CPU.ActiveCfg = Release|Any CPU
		{48E685A9-EE15-4D39-9108-6BD8A76906D9}.Release|Any CPU.Build.0 = Release|Any CPU
		{48E685A9-EE15-4D39-9108-6BD8A76906D9}.Release|x64.ActiveCfg = Release|Any CPU
		{48E685A9-EE15-4D39-9108-6BD8A76906D9}.Release|x64.Build.0 = Release|Any CPU
		{48E685A9-EE15-4D39-9108-6BD8A76906D9}.Release|x86.ActiveCfg = Release|Any CPU
		{48E685A9-EE15-4D39-9108-6BD8A76906D9}.Release|x86.Build.0 = Release|Any CPU
		{954F771C-F91C-43C0-ACAE-F92527EDA3B0}.Debug|Any CPU.ActiveCfg = Debug|Any CPU
		{954F771C-F91C-43C0-ACAE-F92527EDA3B0}.Debug|Any CPU.Build.0 = Debug|Any CPU
		{954F771C-F91C-43C0-ACAE-F92527EDA3B0}.Debug|x64.ActiveCfg = Debug|Any CPU
		{954F771C-F91C-43C0-ACAE-F92527EDA3B0}.Debug|x64.Build.0 = Debug|Any CPU
		{954F771C-F91C-43C0-ACAE-F92527EDA3B0}.Debug|x86.ActiveCfg = Debug|Any CPU
		{954F771C-F91C-43C0-ACAE-F92527EDA3B0}.Debug|x86.Build.0 = Debug|Any CPU
		{954F771C-F91C-43C0-ACAE-F92527EDA3B0}.Release|Any CPU.ActiveCfg = Release|Any CPU
		{954F771C-F91C-43C0-ACAE-F92527EDA3B0}.Release|Any CPU.Build.0 = Release|Any CPU
		{954F771C-F91C-43C0-ACAE-F92527EDA3B0}.Release|x64.ActiveCfg = Release|Any CPU
		{954F771C-F91C-43C0-ACAE-F92527EDA3B0}.Release|x64.Build.0 = Release|Any CPU
		{954F771C-F91C-43C0-ACAE-F92527EDA3B0}.Release|x86.ActiveCfg = Release|Any CPU
		{954F771C-F91C-43C0-ACAE-F92527EDA3B0}.Release|x86.Build.0 = Release|Any CPU
		{888D9A4A-2F90-4D95-A229-71149C8467F2}.Debug|Any CPU.ActiveCfg = Debug|Any CPU
		{888D9A4A-2F90-4D95-A229-71149C8467F2}.Debug|Any CPU.Build.0 = Debug|Any CPU
		{888D9A4A-2F90-4D95-A229-71149C8467F2}.Debug|x64.ActiveCfg = Debug|Any CPU
		{888D9A4A-2F90-4D95-A229-71149C8467F2}.Debug|x64.Build.0 = Debug|Any CPU
		{888D9A4A-2F90-4D95-A229-71149C8467F2}.Debug|x86.ActiveCfg = Debug|Any CPU
		{888D9A4A-2F90-4D95-A229-71149C8467F2}.Debug|x86.Build.0 = Debug|Any CPU
		{888D9A4A-2F90-4D95-A229-71149C8467F2}.Release|Any CPU.ActiveCfg = Release|Any CPU
		{888D9A4A-2F90-4D95-A229-71149C8467F2}.Release|Any CPU.Build.0 = Release|Any CPU
		{888D9A4A-2F90-4D95-A229-71149C8467F2}.Release|x64.ActiveCfg = Release|Any CPU
		{888D9A4A-2F90-4D95-A229-71149C8467F2}.Release|x64.Build.0 = Release|Any CPU
		{888D9A4A-2F90-4D95-A229-71149C8467F2}.Release|x86.ActiveCfg = Release|Any CPU
		{888D9A4A-2F90-4D95-A229-71149C8467F2}.Release|x86.Build.0 = Release|Any CPU
		{ED4A5D68-A1DA-463B-9D32-FD1DA93A94AD}.Debug|Any CPU.ActiveCfg = Debug|Any CPU
		{ED4A5D68-A1DA-463B-9D32-FD1DA93A94AD}.Debug|Any CPU.Build.0 = Debug|Any CPU
		{ED4A5D68-A1DA-463B-9D32-FD1DA93A94AD}.Debug|x64.ActiveCfg = Debug|Any CPU
		{ED4A5D68-A1DA-463B-9D32-FD1DA93A94AD}.Debug|x64.Build.0 = Debug|Any CPU
		{ED4A5D68-A1DA-463B-9D32-FD1DA93A94AD}.Debug|x86.ActiveCfg = Debug|Any CPU
		{ED4A5D68-A1DA-463B-9D32-FD1DA93A94AD}.Debug|x86.Build.0 = Debug|Any CPU
		{ED4A5D68-A1DA-463B-9D32-FD1DA93A94AD}.Release|Any CPU.ActiveCfg = Release|Any CPU
		{ED4A5D68-A1DA-463B-9D32-FD1DA93A94AD}.Release|Any CPU.Build.0 = Release|Any CPU
		{ED4A5D68-A1DA-463B-9D32-FD1DA93A94AD}.Release|x64.ActiveCfg = Release|Any CPU
		{ED4A5D68-A1DA-463B-9D32-FD1DA93A94AD}.Release|x64.Build.0 = Release|Any CPU
		{ED4A5D68-A1DA-463B-9D32-FD1DA93A94AD}.Release|x86.ActiveCfg = Release|Any CPU
		{ED4A5D68-A1DA-463B-9D32-FD1DA93A94AD}.Release|x86.Build.0 = Release|Any CPU
		{98D76FF8-76D5-4F79-AFFB-CE689D06D86C}.Debug|Any CPU.ActiveCfg = Debug|Any CPU
		{98D76FF8-76D5-4F79-AFFB-CE689D06D86C}.Debug|Any CPU.Build.0 = Debug|Any CPU
		{98D76FF8-76D5-4F79-AFFB-CE689D06D86C}.Debug|x64.ActiveCfg = Debug|Any CPU
		{98D76FF8-76D5-4F79-AFFB-CE689D06D86C}.Debug|x64.Build.0 = Debug|Any CPU
		{98D76FF8-76D5-4F79-AFFB-CE689D06D86C}.Debug|x86.ActiveCfg = Debug|Any CPU
		{98D76FF8-76D5-4F79-AFFB-CE689D06D86C}.Debug|x86.Build.0 = Debug|Any CPU
		{98D76FF8-76D5-4F79-AFFB-CE689D06D86C}.Release|Any CPU.ActiveCfg = Release|Any CPU
		{98D76FF8-76D5-4F79-AFFB-CE689D06D86C}.Release|Any CPU.Build.0 = Release|Any CPU
		{98D76FF8-76D5-4F79-AFFB-CE689D06D86C}.Release|x64.ActiveCfg = Release|Any CPU
		{98D76FF8-76D5-4F79-AFFB-CE689D06D86C}.Release|x64.Build.0 = Release|Any CPU
		{98D76FF8-76D5-4F79-AFFB-CE689D06D86C}.Release|x86.ActiveCfg = Release|Any CPU
		{98D76FF8-76D5-4F79-AFFB-CE689D06D86C}.Release|x86.Build.0 = Release|Any CPU
		{37852BAC-1899-47DC-9E19-0FEC2F949134}.Debug|Any CPU.ActiveCfg = Debug|Any CPU
		{37852BAC-1899-47DC-9E19-0FEC2F949134}.Debug|Any CPU.Build.0 = Debug|Any CPU
		{37852BAC-1899-47DC-9E19-0FEC2F949134}.Debug|x64.ActiveCfg = Debug|Any CPU
		{37852BAC-1899-47DC-9E19-0FEC2F949134}.Debug|x64.Build.0 = Debug|Any CPU
		{37852BAC-1899-47DC-9E19-0FEC2F949134}.Debug|x86.ActiveCfg = Debug|Any CPU
		{37852BAC-1899-47DC-9E19-0FEC2F949134}.Debug|x86.Build.0 = Debug|Any CPU
		{37852BAC-1899-47DC-9E19-0FEC2F949134}.Release|Any CPU.ActiveCfg = Release|Any CPU
		{37852BAC-1899-47DC-9E19-0FEC2F949134}.Release|Any CPU.Build.0 = Release|Any CPU
		{37852BAC-1899-47DC-9E19-0FEC2F949134}.Release|x64.ActiveCfg = Release|Any CPU
		{37852BAC-1899-47DC-9E19-0FEC2F949134}.Release|x64.Build.0 = Release|Any CPU
		{37852BAC-1899-47DC-9E19-0FEC2F949134}.Release|x86.ActiveCfg = Release|Any CPU
		{37852BAC-1899-47DC-9E19-0FEC2F949134}.Release|x86.Build.0 = Release|Any CPU
		{B83CEF08-4C21-4EE4-BD09-E37FF2266B73}.Debug|Any CPU.ActiveCfg = Debug|Any CPU
		{B83CEF08-4C21-4EE4-BD09-E37FF2266B73}.Debug|Any CPU.Build.0 = Debug|Any CPU
		{B83CEF08-4C21-4EE4-BD09-E37FF2266B73}.Debug|x64.ActiveCfg = Debug|Any CPU
		{B83CEF08-4C21-4EE4-BD09-E37FF2266B73}.Debug|x64.Build.0 = Debug|Any CPU
		{B83CEF08-4C21-4EE4-BD09-E37FF2266B73}.Debug|x86.ActiveCfg = Debug|Any CPU
		{B83CEF08-4C21-4EE4-BD09-E37FF2266B73}.Debug|x86.Build.0 = Debug|Any CPU
		{B83CEF08-4C21-4EE4-BD09-E37FF2266B73}.Release|Any CPU.ActiveCfg = Release|Any CPU
		{B83CEF08-4C21-4EE4-BD09-E37FF2266B73}.Release|Any CPU.Build.0 = Release|Any CPU
		{B83CEF08-4C21-4EE4-BD09-E37FF2266B73}.Release|x64.ActiveCfg = Release|Any CPU
		{B83CEF08-4C21-4EE4-BD09-E37FF2266B73}.Release|x64.Build.0 = Release|Any CPU
		{B83CEF08-4C21-4EE4-BD09-E37FF2266B73}.Release|x86.ActiveCfg = Release|Any CPU
		{B83CEF08-4C21-4EE4-BD09-E37FF2266B73}.Release|x86.Build.0 = Release|Any CPU
		{0D54107D-8981-4D73-A120-5567246ECF9F}.Debug|Any CPU.ActiveCfg = Debug|Any CPU
		{0D54107D-8981-4D73-A120-5567246ECF9F}.Debug|Any CPU.Build.0 = Debug|Any CPU
		{0D54107D-8981-4D73-A120-5567246ECF9F}.Debug|x64.ActiveCfg = Debug|Any CPU
		{0D54107D-8981-4D73-A120-5567246ECF9F}.Debug|x64.Build.0 = Debug|Any CPU
		{0D54107D-8981-4D73-A120-5567246ECF9F}.Debug|x86.ActiveCfg = Debug|Any CPU
		{0D54107D-8981-4D73-A120-5567246ECF9F}.Debug|x86.Build.0 = Debug|Any CPU
		{0D54107D-8981-4D73-A120-5567246ECF9F}.Release|Any CPU.ActiveCfg = Release|Any CPU
		{0D54107D-8981-4D73-A120-5567246ECF9F}.Release|Any CPU.Build.0 = Release|Any CPU
		{0D54107D-8981-4D73-A120-5567246ECF9F}.Release|x64.ActiveCfg = Release|Any CPU
		{0D54107D-8981-4D73-A120-5567246ECF9F}.Release|x64.Build.0 = Release|Any CPU
		{0D54107D-8981-4D73-A120-5567246ECF9F}.Release|x86.ActiveCfg = Release|Any CPU
		{0D54107D-8981-4D73-A120-5567246ECF9F}.Release|x86.Build.0 = Release|Any CPU
		{D7ED8DC0-CFA0-491D-93EE-24999245CA25}.Debug|Any CPU.ActiveCfg = Debug|Any CPU
		{D7ED8DC0-CFA0-491D-93EE-24999245CA25}.Debug|Any CPU.Build.0 = Debug|Any CPU
		{D7ED8DC0-CFA0-491D-93EE-24999245CA25}.Debug|x64.ActiveCfg = Debug|Any CPU
		{D7ED8DC0-CFA0-491D-93EE-24999245CA25}.Debug|x64.Build.0 = Debug|Any CPU
		{D7ED8DC0-CFA0-491D-93EE-24999245CA25}.Debug|x86.ActiveCfg = Debug|Any CPU
		{D7ED8DC0-CFA0-491D-93EE-24999245CA25}.Debug|x86.Build.0 = Debug|Any CPU
		{D7ED8DC0-CFA0-491D-93EE-24999245CA25}.Release|Any CPU.ActiveCfg = Release|Any CPU
		{D7ED8DC0-CFA0-491D-93EE-24999245CA25}.Release|Any CPU.Build.0 = Release|Any CPU
		{D7ED8DC0-CFA0-491D-93EE-24999245CA25}.Release|x64.ActiveCfg = Release|Any CPU
		{D7ED8DC0-CFA0-491D-93EE-24999245CA25}.Release|x64.Build.0 = Release|Any CPU
		{D7ED8DC0-CFA0-491D-93EE-24999245CA25}.Release|x86.ActiveCfg = Release|Any CPU
		{D7ED8DC0-CFA0-491D-93EE-24999245CA25}.Release|x86.Build.0 = Release|Any CPU
	EndGlobalSection
	GlobalSection(SolutionProperties) = preSolution
		HideSolutionNode = FALSE
	EndGlobalSection
	GlobalSection(NestedProjects) = preSolution
		{82312B76-5911-6B12-A755-EA9052EB6CEF} = {827E0CD3-B72D-47B6-A68D-7590B98EB39B}
		{48E685A9-EE15-4D39-9108-6BD8A76906D9} = {82312B76-5911-6B12-A755-EA9052EB6CEF}
		{16C242F6-F286-767B-FD83-77682C16381B} = {0AB3BF05-4346-4AA6-1389-037BE0695223}
		{954F771C-F91C-43C0-ACAE-F92527EDA3B0} = {16C242F6-F286-767B-FD83-77682C16381B}
		{98BC7B61-C4EC-2BA6-FF7D-516D088C8E99} = {827E0CD3-B72D-47B6-A68D-7590B98EB39B}
		{888D9A4A-2F90-4D95-A229-71149C8467F2} = {98BC7B61-C4EC-2BA6-FF7D-516D088C8E99}
		{2E6DF340-64A7-569E-8E14-430435C9C6EA} = {0AB3BF05-4346-4AA6-1389-037BE0695223}
		{ED4A5D68-A1DA-463B-9D32-FD1DA93A94AD} = {2E6DF340-64A7-569E-8E14-430435C9C6EA}
		{A7C7E5C6-C794-9867-FE20-EA8E78DD7EC0} = {827E0CD3-B72D-47B6-A68D-7590B98EB39B}
		{2240EAA1-5876-4D4A-0D99-C7FC537F523D} = {A7C7E5C6-C794-9867-FE20-EA8E78DD7EC0}
		{98D76FF8-76D5-4F79-AFFB-CE689D06D86C} = {2240EAA1-5876-4D4A-0D99-C7FC537F523D}
		{E55714A5-EF0C-54BE-F124-73289F00B311} = {0AB3BF05-4346-4AA6-1389-037BE0695223}
		{101141E5-B3D6-8A4D-33F9-C3CB805C88BC} = {E55714A5-EF0C-54BE-F124-73289F00B311}
		{37852BAC-1899-47DC-9E19-0FEC2F949134} = {101141E5-B3D6-8A4D-33F9-C3CB805C88BC}
		{52D4F324-E23F-56FD-3E34-4C09664D87EC} = {827E0CD3-B72D-47B6-A68D-7590B98EB39B}
		{44E5703B-C3C9-11BB-7337-83F1E6C7D29C} = {52D4F324-E23F-56FD-3E34-4C09664D87EC}
		{B83CEF08-4C21-4EE4-BD09-E37FF2266B73} = {44E5703B-C3C9-11BB-7337-83F1E6C7D29C}
		{5930251E-0A5A-BED9-B6DC-EBDAACC54FF4} = {0AB3BF05-4346-4AA6-1389-037BE0695223}
		{AEA3EB17-C110-3B0C-2E77-9EE07BB86834} = {5930251E-0A5A-BED9-B6DC-EBDAACC54FF4}
		{0D54107D-8981-4D73-A120-5567246ECF9F} = {AEA3EB17-C110-3B0C-2E77-9EE07BB86834}
		{D7ED8DC0-CFA0-491D-93EE-24999245CA25} = {AEA3EB17-C110-3B0C-2E77-9EE07BB86834}
	EndGlobalSection
EndGlobal
