
Microsoft Visual Studio Solution File, Format Version 12.00
# Visual Studio Version 17
VisualStudioVersion = 17.0.31903.59
MinimumVisualStudioVersion = 10.0.40219.1
Project("{2150E333-8FDC-42A3-9474-1A3956D46DE8}") = "src", "src", "{827E0CD3-B72D-47B6-A68D-7590B98EB39B}"
EndProject
Project("{2150E333-8FDC-42A3-9474-1A3956D46DE8}") = "Chapter01", "Chapter01", "{82312B76-5911-6B12-A755-EA9052EB6CEF}"
EndProject
Project("{FAE04EC0-301F-11D3-BF4B-00C04F79EFBC}") = "Binary-Search", "src\Chapter01\Binary-Search\Binary-Search.csproj", "{48E685A9-EE15-4D39-9108-6BD8A76906D9}"
EndProject
Global
	GlobalSection(SolutionConfigurationPlatforms) = preSolution
		Debug|Any CPU = Debug|Any CPU
		Debug|x64 = Debug|x64
		Debug|x86 = Debug|x86
		Release|Any CPU = Release|Any CPU
		Release|x64 = Release|x64
		Release|x86 = Release|x86
	EndGlobalSection
	GlobalSection(ProjectConfigurationPlatforms) = postSolution
		{48E685A9-EE15-4D39-9108-6BD8A76906D9}.Debug|Any CPU.ActiveCfg = Debug|Any CPU
		{48E685A9-EE15-4D39-9108-6BD8A76906D9}.Debug|Any CPU.Build.0 = Debug|Any CPU
		{48E685A9-EE15-4D39-9108-6BD8A76906D9}.Debug|x64.ActiveCfg = Debug|Any CPU
		{48E685A9-EE15-4D39-9108-6BD8A76906D9}.Debug|x64.Build.0 = Debug|Any CPU
		{48E685A9-EE15-4D39-9108-6BD8A76906D9}.Debug|x86.ActiveCfg = Debug|Any CPU
		{48E685A9-EE15-4D39-9108-6BD8A76906D9}.Debug|x86.Build.0 = Debug|Any CPU
		{48E685A9-EE15-4D39-9108-6BD8A76906D9}.Release|Any CPU.ActiveCfg = Release|Any CPU
		{48E685A9-EE15-4D39-9108-6BD8A76906D9}.Release|Any CPU.Build.0 = Release|Any CPU
		{48E685A9-EE15-4D39-9108-6BD8A76906D9}.Release|x64.ActiveCfg = Release|Any CPU
		{48E685A9-EE15-4D39-9108-6BD8A76906D9}.Release|x64.Build.0 = Release|Any CPU
		{48E685A9-EE15-4D39-9108-6BD8A76906D9}.Release|x86.ActiveCfg = Release|Any CPU
		{48E685A9-EE15-4D39-9108-6BD8A76906D9}.Release|x86.Build.0 = Release|Any CPU
	EndGlobalSection
	GlobalSection(SolutionProperties) = preSolution
		HideSolutionNode = FALSE
	EndGlobalSection
	GlobalSection(NestedProjects) = preSolution
		{82312B76-5911-6B12-A755-EA9052EB6CEF} = {827E0CD3-B72D-47B6-A68D-7590B98EB39B}
		{48E685A9-EE15-4D39-9108-6BD8A76906D9} = {82312B76-5911-6B12-A755-EA9052EB6CEF}
	EndGlobalSection
EndGlobal
